
Microsoft Visual Studio Solution File, Format Version 12.00
# Visual Studio Version 17
VisualStudioVersion = 17.9.34728.123
MinimumVisualStudioVersion = 10.0.40219.1
Project("{9A19103F-16F7-4668-BE54-9A1E7A4F7556}") = "MiniNetflix.InfraEstructure", "MiniNetflix.InfraEstructure\MiniNetflix.InfraEstructure.csproj", "{1EE906CB-0127-4486-ADBE-264BFDA64DFF}"
EndProject
Project("{9A19103F-16F7-4668-BE54-9A1E7A4F7556}") = "MiniNetflix.Core", "MiniNetflix.Core\MiniNetflix.Core.csproj", "{3DE4B913-C48F-404F-9EDF-18559DFADA59}"
EndProject
Project("{9A19103F-16F7-4668-BE54-9A1E7A4F7556}") = "MiniNetflix.Presentation", "MiniNetflix.Presentation\MiniNetflix.Presentation.csproj", "{8DDF81F4-A3B9-4AA9-B2D7-1968689BFCA9}"
EndProject
Global
	GlobalSection(SolutionConfigurationPlatforms) = preSolution
		Debug|Any CPU = Debug|Any CPU
		Release|Any CPU = Release|Any CPU
	EndGlobalSection
	GlobalSection(ProjectConfigurationPlatforms) = postSolution
		{1EE906CB-0127-4486-ADBE-264BFDA64DFF}.Debug|Any CPU.ActiveCfg = Debug|Any CPU
		{1EE906CB-0127-4486-ADBE-264BFDA64DFF}.Debug|Any CPU.Build.0 = Debug|Any CPU
		{1EE906CB-0127-4486-ADBE-264BFDA64DFF}.Release|Any CPU.ActiveCfg = Release|Any CPU
		{1EE906CB-0127-4486-ADBE-264BFDA64DFF}.Release|Any CPU.Build.0 = Release|Any CPU
		{3DE4B913-C48F-404F-9EDF-18559DFADA59}.Debug|Any CPU.ActiveCfg = Debug|Any CPU
		{3DE4B913-C48F-404F-9EDF-18559DFADA59}.Debug|Any CPU.Build.0 = Debug|Any CPU
		{3DE4B913-C48F-404F-9EDF-18559DFADA59}.Release|Any CPU.ActiveCfg = Release|Any CPU
		{3DE4B913-C48F-404F-9EDF-18559DFADA59}.Release|Any CPU.Build.0 = Release|Any CPU
		{8DDF81F4-A3B9-4AA9-B2D7-1968689BFCA9}.Debug|Any CPU.ActiveCfg = Debug|Any CPU
		{8DDF81F4-A3B9-4AA9-B2D7-1968689BFCA9}.Debug|Any CPU.Build.0 = Debug|Any CPU
		{8DDF81F4-A3B9-4AA9-B2D7-1968689BFCA9}.Release|Any CPU.ActiveCfg = Release|Any CPU
		{8DDF81F4-A3B9-4AA9-B2D7-1968689BFCA9}.Release|Any CPU.Build.0 = Release|Any CPU
	EndGlobalSection
	GlobalSection(SolutionProperties) = preSolution
		HideSolutionNode = FALSE
	EndGlobalSection
	GlobalSection(ExtensibilityGlobals) = postSolution
		SolutionGuid = {569F674C-9E39-4E26-87D2-7F86B9B32564}
	EndGlobalSection
EndGlobal
